{
  "name": "date",
  "version": "1.0.0",
  "lockfileVersion": 1,
  "requires": true,
  "dependencies": {
    "japanese-holidays": {
      "version": "1.0.6",
      "resolved": "https://registry.npmjs.org/japanese-holidays/-/japanese-holidays-1.0.6.tgz",
      "integrity": "sha1-J8HCWwRDoz6vx4CjioDQ7Pn/Rbw="
    }
  }
}
